
Microsoft Visual Studio Solution File, Format Version 12.00
# Visual Studio Version 17
VisualStudioVersion = 17.5.33516.290
MinimumVisualStudioVersion = 10.0.40219.1
Project("{888888A0-9F3D-457C-B088-3A5042F75D52}") = "HKTVmall_Scraper", "HKTVmall_Scraper.pyproj", "{1FC70011-FCD6-459B-9D33-EBED0C22D72D}"
EndProject
Global
	GlobalSection(SolutionConfigurationPlatforms) = preSolution
		Debug|Any CPU = Debug|Any CPU
		Release|Any CPU = Release|Any CPU
	EndGlobalSection
	GlobalSection(ProjectConfigurationPlatforms) = postSolution
		{1FC70011-FCD6-459B-9D33-EBED0C22D72D}.Debug|Any CPU.ActiveCfg = Debug|Any CPU
		{1FC70011-FCD6-459B-9D33-EBED0C22D72D}.Release|Any CPU.ActiveCfg = Release|Any CPU
	EndGlobalSection
	GlobalSection(SolutionProperties) = preSolution
		HideSolutionNode = FALSE
	EndGlobalSection
	GlobalSection(ExtensibilityGlobals) = postSolution
		SolutionGuid = {67A6420F-ACD0-41F3-9C66-CE473571456F}
	EndGlobalSection
EndGlobal
